
Microsoft Visual Studio Solution File, Format Version 12.00
# Visual Studio Version 17
VisualStudioVersion = 17.5.33312.197
MinimumVisualStudioVersion = 10.0.40219.1
Project("{2150E333-8FDC-42A3-9474-1A3956D46DE8}") = "src", "src", "{BCBA7CA5-BD5C-4553-9C54-C412C5E95695}"
EndProject
Project("{2150E333-8FDC-42A3-9474-1A3956D46DE8}") = "test", "test", "{BE5BA701-DEEB-451C-BA14-18297D93B12C}"
EndProject
Project("{2150E333-8FDC-42A3-9474-1A3956D46DE8}") = "Core", "Core", "{13253586-6B9B-4FC2-B9FA-36EC443DD9AC}"
EndProject
Project("{2150E333-8FDC-42A3-9474-1A3956D46DE8}") = "API", "API", "{B85C546A-D9A5-45E5-BADB-A5A17F409DD7}"
EndProject
Project("{2150E333-8FDC-42A3-9474-1A3956D46DE8}") = "UI", "UI", "{1DEC60A0-3D11-44E0-BC3F-D867F78E8958}"
EndProject
Project("{2150E333-8FDC-42A3-9474-1A3956D46DE8}") = "Infrastructure", "Infrastructure", "{3A5A0EDE-E53B-42EA-900C-2DC91C35229C}"
EndProject
Project("{9A19103F-16F7-4668-BE54-9A1E7A4F7556}") = "HR.LeaveManagement.Application", "HR.LeaveManagement.Application\HR.LeaveManagement.Application.csproj", "{BBDE4964-37E1-4229-820F-F027BA403901}"
EndProject
Project("{9A19103F-16F7-4668-BE54-9A1E7A4F7556}") = "HR.LeaveManagement.Domain", "HR.LeaveManagement.Domain\HR.LeaveManagement.Domain.csproj", "{23A3E1C4-7339-42FC-9A92-A85FD50F8ACF}"
EndProject
Project("{9A19103F-16F7-4668-BE54-9A1E7A4F7556}") = "HR.LeaveManagement.Persistence", "HR.LeaveManagement.Persistence\HR.LeaveManagement.Persistence.csproj", "{235B95C9-6767-4288-890D-C89BAD8ED25D}"
EndProject
Project("{9A19103F-16F7-4668-BE54-9A1E7A4F7556}") = "HR.LeaveManagement.Infrastructure", "HR.LeaveManagement.Infrastructure\HR.LeaveManagement.Infrastructure.csproj", "{893CB4EA-3F13-4E10-9813-298EC7ED3851}"
EndProject
Project("{9A19103F-16F7-4668-BE54-9A1E7A4F7556}") = "HR.LeaveManagement.API", "HR.LeaveManagement.API\HR.LeaveManagement.API.csproj", "{72E0F7FC-5A6E-4B40-A0E5-D5D02CEB221D}"
EndProject
Project("{9A19103F-16F7-4668-BE54-9A1E7A4F7556}") = "HR.LeaveManagement.Application.UnitTest", "HR.LeaveManagement.Application.UnitTest\HR.LeaveManagement.Application.UnitTest.csproj", "{7C8CD841-D448-4FBF-98BE-6D45366676C2}"
EndProject
Project("{FAE04EC0-301F-11D3-BF4B-00C04F79EFBC}") = "HR.LeaveManagement.Persistence.IntegrationTests", "HR.LeaveManagement.Persistence.IntegrationTests\HR.LeaveManagement.Persistence.IntegrationTests.csproj", "{DD5B5910-6896-4B7F-B46C-160429ECCEA4}"
EndProject
Project("{FAE04EC0-301F-11D3-BF4B-00C04F79EFBC}") = "HR.LeaveManagement.BlazorUI", "HR.LeaveManagement.Blazor.UI\HR.LeaveManagement.BlazorUI.csproj", "{1811F4EA-1688-4870-AFA8-D4A56345460E}"
EndProject
Global
	GlobalSection(SolutionConfigurationPlatforms) = preSolution
		Debug|Any CPU = Debug|Any CPU
		Release|Any CPU = Release|Any CPU
	EndGlobalSection
	GlobalSection(ProjectConfigurationPlatforms) = postSolution
		{BBDE4964-37E1-4229-820F-F027BA403901}.Debug|Any CPU.ActiveCfg = Debug|Any CPU
		{BBDE4964-37E1-4229-820F-F027BA403901}.Debug|Any CPU.Build.0 = Debug|Any CPU
		{BBDE4964-37E1-4229-820F-F027BA403901}.Release|Any CPU.ActiveCfg = Release|Any CPU
		{BBDE4964-37E1-4229-820F-F027BA403901}.Release|Any CPU.Build.0 = Release|Any CPU
		{23A3E1C4-7339-42FC-9A92-A85FD50F8ACF}.Debug|Any CPU.ActiveCfg = Debug|Any CPU
		{23A3E1C4-7339-42FC-9A92-A85FD50F8ACF}.Debug|Any CPU.Build.0 = Debug|Any CPU
		{23A3E1C4-7339-42FC-9A92-A85FD50F8ACF}.Release|Any CPU.ActiveCfg = Release|Any CPU
		{23A3E1C4-7339-42FC-9A92-A85FD50F8ACF}.Release|Any CPU.Build.0 = Release|Any CPU
		{235B95C9-6767-4288-890D-C89BAD8ED25D}.Debug|Any CPU.ActiveCfg = Debug|Any CPU
		{235B95C9-6767-4288-890D-C89BAD8ED25D}.Debug|Any CPU.Build.0 = Debug|Any CPU
		{235B95C9-6767-4288-890D-C89BAD8ED25D}.Release|Any CPU.ActiveCfg = Release|Any CPU
		{235B95C9-6767-4288-890D-C89BAD8ED25D}.Release|Any CPU.Build.0 = Release|Any CPU
		{893CB4EA-3F13-4E10-9813-298EC7ED3851}.Debug|Any CPU.ActiveCfg = Debug|Any CPU
		{893CB4EA-3F13-4E10-9813-298EC7ED3851}.Debug|Any CPU.Build.0 = Debug|Any CPU
		{893CB4EA-3F13-4E10-9813-298EC7ED3851}.Release|Any CPU.ActiveCfg = Release|Any CPU
		{893CB4EA-3F13-4E10-9813-298EC7ED3851}.Release|Any CPU.Build.0 = Release|Any CPU
		{72E0F7FC-5A6E-4B40-A0E5-D5D02CEB221D}.Debug|Any CPU.ActiveCfg = Debug|Any CPU
		{72E0F7FC-5A6E-4B40-A0E5-D5D02CEB221D}.Debug|Any CPU.Build.0 = Debug|Any CPU
		{72E0F7FC-5A6E-4B40-A0E5-D5D02CEB221D}.Release|Any CPU.ActiveCfg = Release|Any CPU
		{72E0F7FC-5A6E-4B40-A0E5-D5D02CEB221D}.Release|Any CPU.Build.0 = Release|Any CPU
		{7C8CD841-D448-4FBF-98BE-6D45366676C2}.Debug|Any CPU.ActiveCfg = Debug|Any CPU
		{7C8CD841-D448-4FBF-98BE-6D45366676C2}.Debug|Any CPU.Build.0 = Debug|Any CPU
		{7C8CD841-D448-4FBF-98BE-6D45366676C2}.Release|Any CPU.ActiveCfg = Release|Any CPU
		{7C8CD841-D448-4FBF-98BE-6D45366676C2}.Release|Any CPU.Build.0 = Release|Any CPU
		{DD5B5910-6896-4B7F-B46C-160429ECCEA4}.Debug|Any CPU.ActiveCfg = Debug|Any CPU
		{DD5B5910-6896-4B7F-B46C-160429ECCEA4}.Debug|Any CPU.Build.0 = Debug|Any CPU
		{DD5B5910-6896-4B7F-B46C-160429ECCEA4}.Release|Any CPU.ActiveCfg = Release|Any CPU
		{DD5B5910-6896-4B7F-B46C-160429ECCEA4}.Release|Any CPU.Build.0 = Release|Any CPU
		{1811F4EA-1688-4870-AFA8-D4A56345460E}.Debug|Any CPU.ActiveCfg = Debug|Any CPU
		{1811F4EA-1688-4870-AFA8-D4A56345460E}.Debug|Any CPU.Build.0 = Debug|Any CPU
		{1811F4EA-1688-4870-AFA8-D4A56345460E}.Release|Any CPU.ActiveCfg = Release|Any CPU
		{1811F4EA-1688-4870-AFA8-D4A56345460E}.Release|Any CPU.Build.0 = Release|Any CPU
	EndGlobalSection
	GlobalSection(SolutionProperties) = preSolution
		HideSolutionNode = FALSE
	EndGlobalSection
	GlobalSection(NestedProjects) = preSolution
		{13253586-6B9B-4FC2-B9FA-36EC443DD9AC} = {BCBA7CA5-BD5C-4553-9C54-C412C5E95695}
		{B85C546A-D9A5-45E5-BADB-A5A17F409DD7} = {BCBA7CA5-BD5C-4553-9C54-C412C5E95695}
		{1DEC60A0-3D11-44E0-BC3F-D867F78E8958} = {BCBA7CA5-BD5C-4553-9C54-C412C5E95695}
		{3A5A0EDE-E53B-42EA-900C-2DC91C35229C} = {BCBA7CA5-BD5C-4553-9C54-C412C5E95695}
		{BBDE4964-37E1-4229-820F-F027BA403901} = {13253586-6B9B-4FC2-B9FA-36EC443DD9AC}
		{23A3E1C4-7339-42FC-9A92-A85FD50F8ACF} = {13253586-6B9B-4FC2-B9FA-36EC443DD9AC}
		{235B95C9-6767-4288-890D-C89BAD8ED25D} = {3A5A0EDE-E53B-42EA-900C-2DC91C35229C}
		{893CB4EA-3F13-4E10-9813-298EC7ED3851} = {3A5A0EDE-E53B-42EA-900C-2DC91C35229C}
		{72E0F7FC-5A6E-4B40-A0E5-D5D02CEB221D} = {B85C546A-D9A5-45E5-BADB-A5A17F409DD7}
		{7C8CD841-D448-4FBF-98BE-6D45366676C2} = {BE5BA701-DEEB-451C-BA14-18297D93B12C}
		{DD5B5910-6896-4B7F-B46C-160429ECCEA4} = {BE5BA701-DEEB-451C-BA14-18297D93B12C}
		{1811F4EA-1688-4870-AFA8-D4A56345460E} = {1DEC60A0-3D11-44E0-BC3F-D867F78E8958}
	EndGlobalSection
	GlobalSection(ExtensibilityGlobals) = postSolution
		SolutionGuid = {FD32DACE-210B-4747-953D-3A92DCDC76C9}
	EndGlobalSection
EndGlobal
